{
  "nodes": {
    "nixpkgs": {
      "locked": {
        "lastModified": 1686498079,
        "narHash": "sha256-hgETExWWuzfv/h95hILM2/JcRAfm8eU6oQ6J/lRaTBY=",
        "owner": "NixOS",
        "repo": "nixpkgs",
        "rev": "aceeceaf5bc9877547f0f7d718100ca674a2a84b",
        "type": "github"
      },
      "original": {
        "owner": "NixOS",
        "repo": "nixpkgs",
        "type": "github"
      }
    },
    "root": {
      "inputs": {
        "nixpkgs": "nixpkgs"
      }
    }
  },
  "root": "root",
  "version": 7
}
